// !$*UTF8*$!
{
	archiveVersion = 1;
	classes = {
	};
	objectVersion = 56;
	objects = {

/* Begin PBXBuildFile section */
		683B4C6D2A2B7FD9006FA021 /* Post.swift in Sources */ = {isa = PBXBuildFile; fileRef = 683B4C6C2A2B7FD9006FA021 /* Post.swift */; };
		68D329C82A29EF2C00E978CA /* AppDelegate.swift in Sources */ = {isa = PBXBuildFile; fileRef = 68D329C72A29EF2C00E978CA /* AppDelegate.swift */; };
		68D329CA2A29EF2C00E978CA /* SceneDelegate.swift in Sources */ = {isa = PBXBuildFile; fileRef = 68D329C92A29EF2C00E978CA /* SceneDelegate.swift */; };
		68D329CC2A29EF2C00E978CA /* ViewController.swift in Sources */ = {isa = PBXBuildFile; fileRef = 68D329CB2A29EF2C00E978CA /* ViewController.swift */; };
		68D329CF2A29EF2C00E978CA /* Main.storyboard in Resources */ = {isa = PBXBuildFile; fileRef = 68D329CD2A29EF2C00E978CA /* Main.storyboard */; };
		68D329D12A29EF2C00E978CA /* Assets.xcassets in Resources */ = {isa = PBXBuildFile; fileRef = 68D329D02A29EF2C00E978CA /* Assets.xcassets */; };
		68D329D42A29EF2C00E978CA /* LaunchScreen.storyboard in Resources */ = {isa = PBXBuildFile; fileRef = 68D329D22A29EF2C00E978CA /* LaunchScreen.storyboard */; };
		68D329DC2A29EFD900E978CA /* GoogleService-Info.plist in Resources */ = {isa = PBXBuildFile; fileRef = 68D329DB2A29EFD900E978CA /* GoogleService-Info.plist */; };
		68D329DE2A2A0BE900E978CA /* FeedViewController.swift in Sources */ = {isa = PBXBuildFile; fileRef = 68D329DD2A2A0BE900E978CA /* FeedViewController.swift */; };
		68D329E02A2A0C1700E978CA /* UploadViewController.swift in Sources */ = {isa = PBXBuildFile; fileRef = 68D329DF2A2A0C1700E978CA /* UploadViewController.swift */; };
		68D329E22A2A0C2F00E978CA /* SettingsViewController.swift in Sources */ = {isa = PBXBuildFile; fileRef = 68D329E12A2A0C2F00E978CA /* SettingsViewController.swift */; };
		68D329E42A2AB63400E978CA /* FeedCell.swift in Sources */ = {isa = PBXBuildFile; fileRef = 68D329E32A2AB63400E978CA /* FeedCell.swift */; };
		710C378D935D73CAF2C4F672 /* Pods_FotografPaylasmaUygulamasi.framework in Frameworks */ = {isa = PBXBuildFile; fileRef = 6B8659CBCD17550257580221 /* Pods_FotografPaylasmaUygulamasi.framework */; };
/* End PBXBuildFile section */

/* Begin PBXFileReference section */
		33A76C03F120DB818745BDA4 /* Pods-FotografPaylasmaUygulamasi.release.xcconfig */ = {isa = PBXFileReference; includeInIndex = 1; lastKnownFileType = text.xcconfig; name = "Pods-FotografPaylasmaUygulamasi.release.xcconfig"; path = "Target Support Files/Pods-FotografPaylasmaUygulamasi/Pods-FotografPaylasmaUygulamasi.release.xcconfig"; sourceTree = "<group>"; };
		683B4C6C2A2B7FD9006FA021 /* Post.swift */ = {isa = PBXFileReference; lastKnownFileType = sourcecode.swift; path = Post.swift; sourceTree = "<group>"; };
		68D329C42A29EF2C00E978CA /* FotografPaylasmaUygulamasi.app */ = {isa = PBXFileReference; explicitFileType = wrapper.application; includeInIndex = 0; path = FotografPaylasmaUygulamasi.app; sourceTree = BUILT_PRODUCTS_DIR; };
		68D329C72A29EF2C00E978CA /* AppDelegate.swift */ = {isa = PBXFileReference; lastKnownFileType = sourcecode.swift; path = AppDelegate.swift; sourceTree = "<group>"; };
		68D329C92A29EF2C00E978CA /* SceneDelegate.swift */ = {isa = PBXFileReference; lastKnownFileType = sourcecode.swift; path = SceneDelegate.swift; sourceTree = "<group>"; };
		68D329CB2A29EF2C00E978CA /* ViewController.swift */ = {isa = PBXFileReference; lastKnownFileType = sourcecode.swift; path = ViewController.swift; sourceTree = "<group>"; };
		68D329CE2A29EF2C00E978CA /* Base */ = {isa = PBXFileReference; lastKnownFileType = file.storyboard; name = Base; path = Base.lproj/Main.storyboard; sourceTree = "<group>"; };
		68D329D02A29EF2C00E978CA /* Assets.xcassets */ = {isa = PBXFileReference; lastKnownFileType = folder.assetcatalog; path = Assets.xcassets; sourceTree = "<group>"; };
		68D329D32A29EF2C00E978CA /* Base */ = {isa = PBXFileReference; lastKnownFileType = file.storyboard; name = Base; path = Base.lproj/LaunchScreen.storyboard; sourceTree = "<group>"; };
		68D329D52A29EF2C00E978CA /* Info.plist */ = {isa = PBXFileReference; lastKnownFileType = text.plist.xml; path = Info.plist; sourceTree = "<group>"; };
		68D329DB2A29EFD900E978CA /* GoogleService-Info.plist */ = {isa = PBXFileReference; fileEncoding = 4; lastKnownFileType = text.plist.xml; name = "GoogleService-Info.plist"; path = "../../../Downloads/GoogleService-Info.plist"; sourceTree = "<group>"; };
		68D329DD2A2A0BE900E978CA /* FeedViewController.swift */ = {isa = PBXFileReference; lastKnownFileType = sourcecode.swift; path = FeedViewController.swift; sourceTree = "<group>"; };
		68D329DF2A2A0C1700E978CA /* UploadViewController.swift */ = {isa = PBXFileReference; lastKnownFileType = sourcecode.swift; path = UploadViewController.swift; sourceTree = "<group>"; };
		68D329E12A2A0C2F00E978CA /* SettingsViewController.swift */ = {isa = PBXFileReference; lastKnownFileType = sourcecode.swift; path = SettingsViewController.swift; sourceTree = "<group>"; };
		68D329E32A2AB63400E978CA /* FeedCell.swift */ = {isa = PBXFileReference; lastKnownFileType = sourcecode.swift; path = FeedCell.swift; sourceTree = "<group>"; };
		6B8659CBCD17550257580221 /* Pods_FotografPaylasmaUygulamasi.framework */ = {isa = PBXFileReference; explicitFileType = wrapper.framework; includeInIndex = 0; path = Pods_FotografPaylasmaUygulamasi.framework; sourceTree = BUILT_PRODUCTS_DIR; };
		E6CDE88F794713F8F29CE819 /* Pods-FotografPaylasmaUygulamasi.debug.xcconfig */ = {isa = PBXFileReference; includeInIndex = 1; lastKnownFileType = text.xcconfig; name = "Pods-FotografPaylasmaUygulamasi.debug.xcconfig"; path = "Target Support Files/Pods-FotografPaylasmaUygulamasi/Pods-FotografPaylasmaUygulamasi.debug.xcconfig"; sourceTree = "<group>"; };
/* End PBXFileReference section */

/* Begin PBXFrameworksBuildPhase section */
		68D329C12A29EF2C00E978CA /* Frameworks */ = {
			isa = PBXFrameworksBuildPhase;
			buildActionMask = 2147483647;
			files = (
				710C378D935D73CAF2C4F672 /* Pods_FotografPaylasmaUygulamasi.framework in Frameworks */,
			);
			runOnlyForDeploymentPostprocessing = 0;
		};
/* End PBXFrameworksBuildPhase section */

/* Begin PBXGroup section */
		68D329BB2A29EF2C00E978CA = {
			isa = PBXGroup;
			children = (
				68D329C62A29EF2C00E978CA /* FotografPaylasmaUygulamasi */,
				68D329C52A29EF2C00E978CA /* Products */,
				8E38A168D8037D7F9C1BCF87 /* Pods */,
				6D040423FD5FCACDA43150C9 /* Frameworks */,
			);
			sourceTree = "<group>";
		};
		68D329C52A29EF2C00E978CA /* Products */ = {
			isa = PBXGroup;
			children = (
				68D329C42A29EF2C00E978CA /* FotografPaylasmaUygulamasi.app */,
			);
			name = Products;
			sourceTree = "<group>";
		};
		68D329C62A29EF2C00E978CA /* FotografPaylasmaUygulamasi */ = {
			isa = PBXGroup;
			children = (
				68D329E32A2AB63400E978CA /* FeedCell.swift */,
				68D329E12A2A0C2F00E978CA /* SettingsViewController.swift */,
				68D329DF2A2A0C1700E978CA /* UploadViewController.swift */,
				68D329DD2A2A0BE900E978CA /* FeedViewController.swift */,
				68D329C72A29EF2C00E978CA /* AppDelegate.swift */,
				68D329C92A29EF2C00E978CA /* SceneDelegate.swift */,
				68D329CB2A29EF2C00E978CA /* ViewController.swift */,
				683B4C6C2A2B7FD9006FA021 /* Post.swift */,
				68D329CD2A29EF2C00E978CA /* Main.storyboard */,
				68D329D02A29EF2C00E978CA /* Assets.xcassets */,
				68D329D22A29EF2C00E978CA /* LaunchScreen.storyboard */,
				68D329D52A29EF2C00E978CA /* Info.plist */,
				68D329DB2A29EFD900E978CA /* GoogleService-Info.plist */,
			);
			path = FotografPaylasmaUygulamasi;
			sourceTree = "<group>";
		};
		6D040423FD5FCACDA43150C9 /* Frameworks */ = {
			isa = PBXGroup;
			children = (
				6B8659CBCD17550257580221 /* Pods_FotografPaylasmaUygulamasi.framework */,
			);
			name = Frameworks;
			sourceTree = "<group>";
		};
		8E38A168D8037D7F9C1BCF87 /* Pods */ = {
			isa = PBXGroup;
			children = (
				E6CDE88F794713F8F29CE819 /* Pods-FotografPaylasmaUygulamasi.debug.xcconfig */,
				33A76C03F120DB818745BDA4 /* Pods-FotografPaylasmaUygulamasi.release.xcconfig */,
			);
			path = Pods;
			sourceTree = "<group>";
		};
/* End PBXGroup section */

/* Begin PBXNativeTarget section */
		68D329C32A29EF2C00E978CA /* FotografPaylasmaUygulamasi */ = {
			isa = PBXNativeTarget;
			buildConfigurationList = 68D329D82A29EF2C00E978CA /* Build configuration list for PBXNativeTarget "FotografPaylasmaUygulamasi" */;
			buildPhases = (
				438B45CF62B7FA16FB833588 /* [CP] Check Pods Manifest.lock */,
				68D329C02A29EF2C00E978CA /* Sources */,
				68D329C12A29EF2C00E978CA /* Frameworks */,
				68D329C22A29EF2C00E978CA /* Resources */,
				2B791F55A4B2F67B4174F4F5 /* [CP] Embed Pods Frameworks */,
			);
			buildRules = (
			);
			dependencies = (
			);
			name = FotografPaylasmaUygulamasi;
			productName = FotografPaylasmaUygulamasi;
			productReference = 68D329C42A29EF2C00E978CA /* FotografPaylasmaUygulamasi.app */;
			productType = "com.apple.product-type.application";
		};
/* End PBXNativeTarget section */

/* Begin PBXProject section */
		68D329BC2A29EF2C00E978CA /* Project object */ = {
			isa = PBXProject;
			attributes = {
				BuildIndependentTargetsInParallel = 1;
				LastSwiftUpdateCheck = 1430;
				LastUpgradeCheck = 1430;
				TargetAttributes = {
					68D329C32A29EF2C00E978CA = {
						CreatedOnToolsVersion = 14.3;
					};
				};
			};
			buildConfigurationList = 68D329BF2A29EF2C00E978CA /* Build configuration list for PBXProject "FotografPaylasmaUygulamasi" */;
			compatibilityVersion = "Xcode 14.0";
			developmentRegion = en;
			hasScannedForEncodings = 0;
			knownRegions = (
				en,
				Base,
			);
			mainGroup = 68D329BB2A29EF2C00E978CA;
			productRefGroup = 68D329C52A29EF2C00E978CA /* Products */;
			projectDirPath = "";
			projectRoot = "";
			targets = (
				68D329C32A29EF2C00E978CA /* FotografPaylasmaUygulamasi */,
			);
		};
/* End PBXProject section */

/* Begin PBXResourcesBuildPhase section */
		68D329C22A29EF2C00E978CA /* Resources */ = {
			isa = PBXResourcesBuildPhase;
			buildActionMask = 2147483647;
			files = (
				68D329D42A29EF2C00E978CA /* LaunchScreen.storyboard in Resources */,
				68D329DC2A29EFD900E978CA /* GoogleService-Info.plist in Resources */,
				68D329D12A29EF2C00E978CA /* Assets.xcassets in Resources */,
				68D329CF2A29EF2C00E978CA /* Main.storyboard in Resources */,
			);
			runOnlyForDeploymentPostprocessing = 0;
		};
/* End PBXResourcesBuildPhase section */

/* Begin PBXShellScriptBuildPhase section */
		2B791F55A4B2F67B4174F4F5 /* [CP] Embed Pods Frameworks */ = {
			isa = PBXShellScriptBuildPhase;
			buildActionMask = 2147483647;
			files = (
			);
			inputFileListPaths = (
				"${PODS_ROOT}/Target Support Files/Pods-FotografPaylasmaUygulamasi/Pods-FotografPaylasmaUygulamasi-frameworks-${CONFIGURATION}-input-files.xcfilelist",
			);
			name = "[CP] Embed Pods Frameworks";
			outputFileListPaths = (
				"${PODS_ROOT}/Target Support Files/Pods-FotografPaylasmaUygulamasi/Pods-FotografPaylasmaUygulamasi-frameworks-${CONFIGURATION}-output-files.xcfilelist",
			);
			runOnlyForDeploymentPostprocessing = 0;
			shellPath = /bin/sh;
			shellScript = "\"${PODS_ROOT}/Target Support Files/Pods-FotografPaylasmaUygulamasi/Pods-FotografPaylasmaUygulamasi-frameworks.sh\"\n";
			showEnvVarsInLog = 0;
		};
		438B45CF62B7FA16FB833588 /* [CP] Check Pods Manifest.lock */ = {
			isa = PBXShellScriptBuildPhase;
			buildActionMask = 2147483647;
			files = (
			);
			inputFileListPaths = (
			);
			inputPaths = (
				"${PODS_PODFILE_DIR_PATH}/Podfile.lock",
				"${PODS_ROOT}/Manifest.lock",
			);
			name = "[CP] Check Pods Manifest.lock";
			outputFileListPaths = (
			);
			outputPaths = (
				"$(DERIVED_FILE_DIR)/Pods-FotografPaylasmaUygulamasi-checkManifestLockResult.txt",
			);
			runOnlyForDeploymentPostprocessing = 0;
			shellPath = /bin/sh;
			shellScript = "diff \"${PODS_PODFILE_DIR_PATH}/Podfile.lock\" \"${PODS_ROOT}/Manifest.lock\" > /dev/null\nif [ $? != 0 ] ; then\n    # print error to STDERR\n    echo \"error: The sandbox is not in sync with the Podfile.lock. Run 'pod install' or update your CocoaPods installation.\" >&2\n    exit 1\nfi\n# This output is used by Xcode 'outputs' to avoid re-running this script phase.\necho \"SUCCESS\" > \"${SCRIPT_OUTPUT_FILE_0}\"\n";
			showEnvVarsInLog = 0;
		};
/* End PBXShellScriptBuildPhase section */

/* Begin PBXSourcesBuildPhase section */
		68D329C02A29EF2C00E978CA /* Sources */ = {
			isa = PBXSourcesBuildPhase;
			buildActionMask = 2147483647;
			files = (
				68D329CC2A29EF2C00E978CA /* ViewController.swift in Sources */,
				68D329E02A2A0C1700E978CA /* UploadViewController.swift in Sources */,
				68D329C82A29EF2C00E978CA /* AppDelegate.swift in Sources */,
				683B4C6D2A2B7FD9006FA021 /* Post.swift in Sources */,
				68D329DE2A2A0BE900E978CA /* FeedViewController.swift in Sources */,
				68D329CA2A29EF2C00E978CA /* SceneDelegate.swift in Sources */,
				68D329E42A2AB63400E978CA /* FeedCell.swift in Sources */,
				68D329E22A2A0C2F00E978CA /* SettingsViewController.swift in Sources */,
			);
			runOnlyForDeploymentPostprocessing = 0;
		};
/* End PBXSourcesBuildPhase section */

/* Begin PBXVariantGroup section */
		68D329CD2A29EF2C00E978CA /* Main.storyboard */ = {
			isa = PBXVariantGroup;
			children = (
				68D329CE2A29EF2C00E978CA /* Base */,
			);
			name = Main.storyboard;
			sourceTree = "<group>";
		};
		68D329D22A29EF2C00E978CA /* LaunchScreen.storyboard */ = {
			isa = PBXVariantGroup;
			children = (
				68D329D32A29EF2C00E978CA /* Base */,
			);
			name = LaunchScreen.storyboard;
			sourceTree = "<group>";
		};
/* End PBXVariantGroup section */

/* Begin XCBuildConfiguration section */
		68D329D62A29EF2C00E978CA /* Debug */ = {
			isa = XCBuildConfiguration;
			buildSettings = {
				ALWAYS_SEARCH_USER_PATHS = NO;
				CLANG_ANALYZER_NONNULL = YES;
				CLANG_ANALYZER_NUMBER_OBJECT_CONVERSION = YES_AGGRESSIVE;
				CLANG_CXX_LANGUAGE_STANDARD = "gnu++20";
				CLANG_ENABLE_MODULES = YES;
				CLANG_ENABLE_OBJC_ARC = YES;
				CLANG_ENABLE_OBJC_WEAK = YES;
				CLANG_WARN_BLOCK_CAPTURE_AUTORELEASING = YES;
				CLANG_WARN_BOOL_CONVERSION = YES;
				CLANG_WARN_COMMA = YES;
				CLANG_WARN_CONSTANT_CONVERSION = YES;
				CLANG_WARN_DEPRECATED_OBJC_IMPLEMENTATIONS = YES;
				CLANG_WARN_DIRECT_OBJC_ISA_USAGE = YES_ERROR;
				CLANG_WARN_DOCUMENTATION_COMMENTS = YES;
				CLANG_WARN_EMPTY_BODY = YES;
				CLANG_WARN_ENUM_CONVERSION = YES;
				CLANG_WARN_INFINITE_RECURSION = YES;
				CLANG_WARN_INT_CONVERSION = YES;
				CLANG_WARN_NON_LITERAL_NULL_CONVERSION = YES;
				CLANG_WARN_OBJC_IMPLICIT_RETAIN_SELF = YES;
				CLANG_WARN_OBJC_LITERAL_CONVERSION = YES;
				CLANG_WARN_OBJC_ROOT_CLASS = YES_ERROR;
				CLANG_WARN_QUOTED_INCLUDE_IN_FRAMEWORK_HEADER = YES;
				CLANG_WARN_RANGE_LOOP_ANALYSIS = YES;
				CLANG_WARN_STRICT_PROTOTYPES = YES;
				CLANG_WARN_SUSPICIOUS_MOVE = YES;
				CLANG_WARN_UNGUARDED_AVAILABILITY = YES_AGGRESSIVE;
				CLANG_WARN_UNREACHABLE_CODE = YES;
				CLANG_WARN__DUPLICATE_METHOD_MATCH = YES;
				COPY_PHASE_STRIP = NO;
				DEBUG_INFORMATION_FORMAT = dwarf;
				ENABLE_STRICT_OBJC_MSGSEND = YES;
				ENABLE_TESTABILITY = YES;
				GCC_C_LANGUAGE_STANDARD = gnu11;
				GCC_DYNAMIC_NO_PIC = NO;
				GCC_NO_COMMON_BLOCKS = YES;
				GCC_OPTIMIZATION_LEVEL = 0;
				GCC_PREPROCESSOR_DEFINITIONS = (
					"DEBUG=1",
					"$(inherited)",
				);
				GCC_WARN_64_TO_32_BIT_CONVERSION = YES;
				GCC_WARN_ABOUT_RETURN_TYPE = YES_ERROR;
				GCC_WARN_UNDECLARED_SELECTOR = YES;
				GCC_WARN_UNINITIALIZED_AUTOS = YES_AGGRESSIVE;
				GCC_WARN_UNUSED_FUNCTION = YES;
				GCC_WARN_UNUSED_VARIABLE = YES;
				IPHONEOS_DEPLOYMENT_TARGET = 16.4;
				MTL_ENABLE_DEBUG_INFO = INCLUDE_SOURCE;
				MTL_FAST_MATH = YES;
				ONLY_ACTIVE_ARCH = YES;
				SDKROOT = iphoneos;
				SWIFT_ACTIVE_COMPILATION_CONDITIONS = DEBUG;
				SWIFT_OPTIMIZATION_LEVEL = "-Onone";
			};
			name = Debug;
		};
		68D329D72A29EF2C00E978CA /* Release */ = {
			isa = XCBuildConfiguration;
			buildSettings = {
				ALWAYS_SEARCH_USER_PATHS = NO;
				CLANG_ANALYZER_NONNULL = YES;
				CLANG_ANALYZER_NUMBER_OBJECT_CONVERSION = YES_AGGRESSIVE;
				CLANG_CXX_LANGUAGE_STANDARD = "gnu++20";
				CLANG_ENABLE_MODULES = YES;
				CLANG_ENABLE_OBJC_ARC = YES;
				CLANG_ENABLE_OBJC_WEAK = YES;
				CLANG_WARN_BLOCK_CAPTURE_AUTORELEASING = YES;
				CLANG_WARN_BOOL_CONVERSION = YES;
				CLANG_WARN_COMMA = YES;
				CLANG_WARN_CONSTANT_CONVERSION = YES;
				CLANG_WARN_DEPRECATED_OBJC_IMPLEMENTATIONS = YES;
				CLANG_WARN_DIRECT_OBJC_ISA_USAGE = YES_ERROR;
				CLANG_WARN_DOCUMENTATION_COMMENTS = YES;
				CLANG_WARN_EMPTY_BODY = YES;
				CLANG_WARN_ENUM_CONVERSION = YES;
				CLANG_WARN_INFINITE_RECURSION = YES;
				CLANG_WARN_INT_CONVERSION = YES;
				CLANG_WARN_NON_LITERAL_NULL_CONVERSION = YES;
				CLANG_WARN_OBJC_IMPLICIT_RETAIN_SELF = YES;
				CLANG_WARN_OBJC_LITERAL_CONVERSION = YES;
				CLANG_WARN_OBJC_ROOT_CLASS = YES_ERROR;
				CLANG_WARN_QUOTED_INCLUDE_IN_FRAMEWORK_HEADER = YES;
				CLANG_WARN_RANGE_LOOP_ANALYSIS = YES;
				CLANG_WARN_STRICT_PROTOTYPES = YES;
				CLANG_WARN_SUSPICIOUS_MOVE = YES;
				CLANG_WARN_UNGUARDED_AVAILABILITY = YES_AGGRESSIVE;
				CLANG_WARN_UNREACHABLE_CODE = YES;
				CLANG_WARN__DUPLICATE_METHOD_MATCH = YES;
				COPY_PHASE_STRIP = NO;
				DEBUG_INFORMATION_FORMAT = "dwarf-with-dsym";
				ENABLE_NS_ASSERTIONS = NO;
				ENABLE_STRICT_OBJC_MSGSEND = YES;
				GCC_C_LANGUAGE_STANDARD = gnu11;
				GCC_NO_COMMON_BLOCKS = YES;
				GCC_WARN_64_TO_32_BIT_CONVERSION = YES;
				GCC_WARN_ABOUT_RETURN_TYPE = YES_ERROR;
				GCC_WARN_UNDECLARED_SELECTOR = YES;
				GCC_WARN_UNINITIALIZED_AUTOS = YES_AGGRESSIVE;
				GCC_WARN_UNUSED_FUNCTION = YES;
				GCC_WARN_UNUSED_VARIABLE = YES;
				IPHONEOS_DEPLOYMENT_TARGET = 16.4;
				MTL_ENABLE_DEBUG_INFO = NO;
				MTL_FAST_MATH = YES;
				SDKROOT = iphoneos;
				SWIFT_COMPILATION_MODE = wholemodule;
				SWIFT_OPTIMIZATION_LEVEL = "-O";
				VALIDATE_PRODUCT = YES;
			};
			name = Release;
		};
		68D329D92A29EF2C00E978CA /* Debug */ = {
			isa = XCBuildConfiguration;
			baseConfigurationReference = E6CDE88F794713F8F29CE819 /* Pods-FotografPaylasmaUygulamasi.debug.xcconfig */;
			buildSettings = {
				ASSETCATALOG_COMPILER_APPICON_NAME = AppIcon;
				ASSETCATALOG_COMPILER_GLOBAL_ACCENT_COLOR_NAME = AccentColor;
				CODE_SIGN_STYLE = Automatic;
				CURRENT_PROJECT_VERSION = 1;
				DEVELOPMENT_TEAM = 5AN5KCNJ76;
				GENERATE_INFOPLIST_FILE = YES;
				INFOPLIST_FILE = FotografPaylasmaUygulamasi/Info.plist;
				INFOPLIST_KEY_UIApplicationSupportsIndirectInputEvents = YES;
				INFOPLIST_KEY_UILaunchStoryboardName = LaunchScreen;
				INFOPLIST_KEY_UIMainStoryboardFile = Main;
				INFOPLIST_KEY_UISupportedInterfaceOrientations_iPad = "UIInterfaceOrientationPortrait UIInterfaceOrientationPortraitUpsideDown UIInterfaceOrientationLandscapeLeft UIInterfaceOrientationLandscapeRight";
				INFOPLIST_KEY_UISupportedInterfaceOrientations_iPhone = "UIInterfaceOrientationPortrait UIInterfaceOrientationLandscapeLeft UIInterfaceOrientationLandscapeRight";
				IPHONEOS_DEPLOYMENT_TARGET = 15.0;
				LD_RUNPATH_SEARCH_PATHS = (
					"$(inherited)",
					"@executable_path/Frameworks",
				);
				MARKETING_VERSION = 1.0;
				PRODUCT_BUNDLE_IDENTIFIER = com.dogukan.FotografPaylasmaUygulamasi;
				PRODUCT_NAME = "$(TARGET_NAME)";
				SWIFT_EMIT_LOC_STRINGS = YES;
				SWIFT_VERSION = 5.0;
				TARGETED_DEVICE_FAMILY = "1,2";
			};
			name = Debug;
		};
		68D329DA2A29EF2C00E978CA /* Release */ = {
			isa = XCBuildConfiguration;
			baseConfigurationReference = 33A76C03F120DB818745BDA4 /* Pods-FotografPaylasmaUygulamasi.release.xcconfig */;
			buildSettings = {
				ASSETCATALOG_COMPILER_APPICON_NAME = AppIcon;
				ASSETCATALOG_COMPILER_GLOBAL_ACCENT_COLOR_NAME = AccentColor;
				CODE_SIGN_STYLE = Automatic;
				CURRENT_PROJECT_VERSION = 1;
				DEVELOPMENT_TEAM = 5AN5KCNJ76;
				GENERATE_INFOPLIST_FILE = YES;
				INFOPLIST_FILE = FotografPaylasmaUygulamasi/Info.plist;
				INFOPLIST_KEY_UIApplicationSupportsIndirectInputEvents = YES;
				INFOPLIST_KEY_UILaunchStoryboardName = LaunchScreen;
				INFOPLIST_KEY_UIMainStoryboardFile = Main;
				INFOPLIST_KEY_UISupportedInterfaceOrientations_iPad = "UIInterfaceOrientationPortrait UIInterfaceOrientationPortraitUpsideDown UIInterfaceOrientationLandscapeLeft UIInterfaceOrientationLandscapeRight";
				INFOPLIST_KEY_UISupportedInterfaceOrientations_iPhone = "UIInterfaceOrientationPortrait UIInterfaceOrientationLandscapeLeft UIInterfaceOrientationLandscapeRight";
				IPHONEOS_DEPLOYMENT_TARGET = 15.0;
				LD_RUNPATH_SEARCH_PATHS = (
					"$(inherited)",
					"@executable_path/Frameworks",
				);
				MARKETING_VERSION = 1.0;
				PRODUCT_BUNDLE_IDENTIFIER = com.dogukan.FotografPaylasmaUygulamasi;
				PRODUCT_NAME = "$(TARGET_NAME)";
				SWIFT_EMIT_LOC_STRINGS = YES;
				SWIFT_VERSION = 5.0;
				TARGETED_DEVICE_FAMILY = "1,2";
			};
			name = Release;
		};
/* End XCBuildConfiguration section */

/* Begin XCConfigurationList section */
		68D329BF2A29EF2C00E978CA /* Build configuration list for PBXProject "FotografPaylasmaUygulamasi" */ = {
			isa = XCConfigurationList;
			buildConfigurations = (
				68D329D62A29EF2C00E978CA /* Debug */,
				68D329D72A29EF2C00E978CA /* Release */,
			);
			defaultConfigurationIsVisible = 0;
			defaultConfigurationName = Release;
		};
		68D329D82A29EF2C00E978CA /* Build configuration list for PBXNativeTarget "FotografPaylasmaUygulamasi" */ = {
			isa = XCConfigurationList;
			buildConfigurations = (
				68D329D92A29EF2C00E978CA /* Debug */,
				68D329DA2A29EF2C00E978CA /* Release */,
			);
			defaultConfigurationIsVisible = 0;
			defaultConfigurationName = Release;
		};
/* End XCConfigurationList section */
	};
	rootObject = 68D329BC2A29EF2C00E978CA /* Project object */;
}
